
Microsoft Visual Studio Solution File, Format Version 12.00
# Visual Studio Version 17
VisualStudioVersion = 17.2.32519.379
MinimumVisualStudioVersion = 10.0.40219.1
Project("{FAE04EC0-301F-11D3-BF4B-00C04F79EFBC}") = "GrpcServiceTest", "GrpcServiceTest\GrpcServiceTest.csproj", "{8ED6338A-5C90-48C2-8A38-3755A8DBE95C}"
EndProject
Project("{FAE04EC0-301F-11D3-BF4B-00C04F79EFBC}") = "GrpcClient", "GrpcClient\GrpcClient.csproj", "{63F89FE8-D5A9-40D8-AA84-67AC6FE7BAB1}"
EndProject
Global
	GlobalSection(SolutionConfigurationPlatforms) = preSolution
		Debug|Any CPU = Debug|Any CPU
		Release|Any CPU = Release|Any CPU
	EndGlobalSection
	GlobalSection(ProjectConfigurationPlatforms) = postSolution
		{8ED6338A-5C90-48C2-8A38-3755A8DBE95C}.Debug|Any CPU.ActiveCfg = Debug|Any CPU
		{8ED6338A-5C90-48C2-8A38-3755A8DBE95C}.Debug|Any CPU.Build.0 = Debug|Any CPU
		{8ED6338A-5C90-48C2-8A38-3755A8DBE95C}.Release|Any CPU.ActiveCfg = Release|Any CPU
		{8ED6338A-5C90-48C2-8A38-3755A8DBE95C}.Release|Any CPU.Build.0 = Release|Any CPU
		{63F89FE8-D5A9-40D8-AA84-67AC6FE7BAB1}.Debug|Any CPU.ActiveCfg = Debug|Any CPU
		{63F89FE8-D5A9-40D8-AA84-67AC6FE7BAB1}.Debug|Any CPU.Build.0 = Debug|Any CPU
		{63F89FE8-D5A9-40D8-AA84-67AC6FE7BAB1}.Release|Any CPU.ActiveCfg = Release|Any CPU
		{63F89FE8-D5A9-40D8-AA84-67AC6FE7BAB1}.Release|Any CPU.Build.0 = Release|Any CPU
	EndGlobalSection
	GlobalSection(SolutionProperties) = preSolution
		HideSolutionNode = FALSE
	EndGlobalSection
	GlobalSection(ExtensibilityGlobals) = postSolution
		SolutionGuid = {F8638CDA-786E-4E8B-BBF4-82305526CE5F}
	EndGlobalSection
EndGlobal
